
Microsoft Visual Studio Solution File, Format Version 12.00
# Visual Studio Version 17
VisualStudioVersion = 17.14.36603.0 d17.14
MinimumVisualStudioVersion = 10.0.40219.1
Project("{FAE04EC0-301F-11D3-BF4B-00C04F79EFBC}") = "CreditPro", "CreditPro\CreditPro.csproj", "{34C29F0F-57F7-4FE5-A28D-2975F3500C28}"
EndProject
Project("{FAE04EC0-301F-11D3-BF4B-00C04F79EFBC}") = "CreditPro.Tests", "CreditPro.Tests\CreditPro.Tests.csproj", "{C4B22220-9D9A-45F6-B16E-787969421EB6}"
EndProject
Project("{2150E333-8FDC-42A3-9474-1A3956D46DE8}") = "Elementos de la solución", "Elementos de la solución", "{D107F4C8-89CC-BEA8-D3D7-CA6B7733353D}"
EndProject
Global
	GlobalSection(SolutionConfigurationPlatforms) = preSolution
		Debug|Any CPU = Debug|Any CPU
		Release|Any CPU = Release|Any CPU
	EndGlobalSection
	GlobalSection(ProjectConfigurationPlatforms) = postSolution
		{34C29F0F-57F7-4FE5-A28D-2975F3500C28}.Debug|Any CPU.ActiveCfg = Debug|Any CPU
		{34C29F0F-57F7-4FE5-A28D-2975F3500C28}.Debug|Any CPU.Build.0 = Debug|Any CPU
		{34C29F0F-57F7-4FE5-A28D-2975F3500C28}.Release|Any CPU.ActiveCfg = Release|Any CPU
		{34C29F0F-57F7-4FE5-A28D-2975F3500C28}.Release|Any CPU.Build.0 = Release|Any CPU
		{C4B22220-9D9A-45F6-B16E-787969421EB6}.Debug|Any CPU.ActiveCfg = Debug|Any CPU
		{C4B22220-9D9A-45F6-B16E-787969421EB6}.Debug|Any CPU.Build.0 = Debug|Any CPU
		{C4B22220-9D9A-45F6-B16E-787969421EB6}.Release|Any CPU.ActiveCfg = Release|Any CPU
		{C4B22220-9D9A-45F6-B16E-787969421EB6}.Release|Any CPU.Build.0 = Release|Any CPU
	EndGlobalSection
	GlobalSection(SolutionProperties) = preSolution
		HideSolutionNode = FALSE
	EndGlobalSection
	GlobalSection(ExtensibilityGlobals) = postSolution
		SolutionGuid = {2AB2D1D3-279A-40D3-B3E7-41D919E170F1}
	EndGlobalSection
EndGlobal
